// !$*UTF8*$!
{
	archiveVersion = 1;
	classes = {
	};
	objectVersion = 55;
	objects = {

/* Begin PBXBuildFile section */
		2A6DA4C7289383C400439252 /* DispatchQueueViewController.swift in Sources */ = {isa = PBXBuildFile; fileRef = 2A6DA4C6289383C400439252 /* DispatchQueueViewController.swift */; };
		2AB988EC289CEC570059A304 /* pageViewController.swift in Sources */ = {isa = PBXBuildFile; fileRef = 2AB988EB289CEC570059A304 /* pageViewController.swift */; };
		2AB988F228A0F02F0059A304 /* UINavigationController+customBar.swift in Sources */ = {isa = PBXBuildFile; fileRef = 2AB988F128A0F02F0059A304 /* UINavigationController+customBar.swift */; };
		2AB9890328A378380059A304 /* CountAndTimeViewController.swift in Sources */ = {isa = PBXBuildFile; fileRef = 2AB9890228A378380059A304 /* CountAndTimeViewController.swift */; };
		2ABC0F2428782168004955CE /* AppDelegate.swift in Sources */ = {isa = PBXBuildFile; fileRef = 2ABC0F2328782168004955CE /* AppDelegate.swift */; };
		2ABC0F2628782168004955CE /* SceneDelegate.swift in Sources */ = {isa = PBXBuildFile; fileRef = 2ABC0F2528782168004955CE /* SceneDelegate.swift */; };
		2ABC0F2828782168004955CE /* UserNotificationViewController.swift in Sources */ = {isa = PBXBuildFile; fileRef = 2ABC0F2728782168004955CE /* UserNotificationViewController.swift */; };
		2ABC0F2B28782168004955CE /* Main.storyboard in Resources */ = {isa = PBXBuildFile; fileRef = 2ABC0F2928782168004955CE /* Main.storyboard */; };
		2ABC0F2D2878216A004955CE /* Assets.xcassets in Resources */ = {isa = PBXBuildFile; fileRef = 2ABC0F2C2878216A004955CE /* Assets.xcassets */; };
		2ABC0F302878216A004955CE /* LaunchScreen.storyboard in Resources */ = {isa = PBXBuildFile; fileRef = 2ABC0F2E2878216A004955CE /* LaunchScreen.storyboard */; };
		E743DEECA3075F5C7819AE35 /* Pods_SwiftPlayground.framework in Frameworks */ = {isa = PBXBuildFile; fileRef = FBB5C4450D63B1536405FD15 /* Pods_SwiftPlayground.framework */; };
/* End PBXBuildFile section */

/* Begin PBXFileReference section */
		2A6DA4C6289383C400439252 /* DispatchQueueViewController.swift */ = {isa = PBXFileReference; lastKnownFileType = sourcecode.swift; path = DispatchQueueViewController.swift; sourceTree = "<group>"; };
		2AB988EB289CEC570059A304 /* pageViewController.swift */ = {isa = PBXFileReference; lastKnownFileType = sourcecode.swift; path = pageViewController.swift; sourceTree = "<group>"; };
		2AB988F128A0F02F0059A304 /* UINavigationController+customBar.swift */ = {isa = PBXFileReference; lastKnownFileType = sourcecode.swift; path = "UINavigationController+customBar.swift"; sourceTree = "<group>"; };
		2AB9890228A378380059A304 /* CountAndTimeViewController.swift */ = {isa = PBXFileReference; lastKnownFileType = sourcecode.swift; path = CountAndTimeViewController.swift; sourceTree = "<group>"; };
		2ABC0F2028782168004955CE /* SwiftPlayground.app */ = {isa = PBXFileReference; explicitFileType = wrapper.application; includeInIndex = 0; path = SwiftPlayground.app; sourceTree = BUILT_PRODUCTS_DIR; };
		2ABC0F2328782168004955CE /* AppDelegate.swift */ = {isa = PBXFileReference; lastKnownFileType = sourcecode.swift; path = AppDelegate.swift; sourceTree = "<group>"; };
		2ABC0F2528782168004955CE /* SceneDelegate.swift */ = {isa = PBXFileReference; lastKnownFileType = sourcecode.swift; path = SceneDelegate.swift; sourceTree = "<group>"; };
		2ABC0F2728782168004955CE /* UserNotificationViewController.swift */ = {isa = PBXFileReference; lastKnownFileType = sourcecode.swift; path = UserNotificationViewController.swift; sourceTree = "<group>"; };
		2ABC0F2A28782168004955CE /* Base */ = {isa = PBXFileReference; lastKnownFileType = file.storyboard; name = Base; path = Base.lproj/Main.storyboard; sourceTree = "<group>"; };
		2ABC0F2C2878216A004955CE /* Assets.xcassets */ = {isa = PBXFileReference; lastKnownFileType = folder.assetcatalog; path = Assets.xcassets; sourceTree = "<group>"; };
		2ABC0F2F2878216A004955CE /* Base */ = {isa = PBXFileReference; lastKnownFileType = file.storyboard; name = Base; path = Base.lproj/LaunchScreen.storyboard; sourceTree = "<group>"; };
		2ABC0F312878216A004955CE /* Info.plist */ = {isa = PBXFileReference; lastKnownFileType = text.plist.xml; path = Info.plist; sourceTree = "<group>"; };
		671F1035289C27449A8DF116 /* Pods-SwiftPlayground.debug.xcconfig */ = {isa = PBXFileReference; includeInIndex = 1; lastKnownFileType = text.xcconfig; name = "Pods-SwiftPlayground.debug.xcconfig"; path = "Target Support Files/Pods-SwiftPlayground/Pods-SwiftPlayground.debug.xcconfig"; sourceTree = "<group>"; };
		DECED5D7800E25967B73B058 /* Pods-SwiftPlayground.release.xcconfig */ = {isa = PBXFileReference; includeInIndex = 1; lastKnownFileType = text.xcconfig; name = "Pods-SwiftPlayground.release.xcconfig"; path = "Target Support Files/Pods-SwiftPlayground/Pods-SwiftPlayground.release.xcconfig"; sourceTree = "<group>"; };
		FBB5C4450D63B1536405FD15 /* Pods_SwiftPlayground.framework */ = {isa = PBXFileReference; explicitFileType = wrapper.framework; includeInIndex = 0; path = Pods_SwiftPlayground.framework; sourceTree = BUILT_PRODUCTS_DIR; };
/* End PBXFileReference section */

/* Begin PBXFrameworksBuildPhase section */
		2ABC0F1D28782168004955CE /* Frameworks */ = {
			isa = PBXFrameworksBuildPhase;
			buildActionMask = 2147483647;
			files = (
				E743DEECA3075F5C7819AE35 /* Pods_SwiftPlayground.framework in Frameworks */,
			);
			runOnlyForDeploymentPostprocessing = 0;
		};
/* End PBXFrameworksBuildPhase section */

/* Begin PBXGroup section */
		1762922DA98AAEFADEF7C6F7 /* Pods */ = {
			isa = PBXGroup;
			children = (
				671F1035289C27449A8DF116 /* Pods-SwiftPlayground.debug.xcconfig */,
				DECED5D7800E25967B73B058 /* Pods-SwiftPlayground.release.xcconfig */,
			);
			path = Pods;
			sourceTree = "<group>";
		};
		2ABC0F1728782168004955CE = {
			isa = PBXGroup;
			children = (
				2ABC0F2228782168004955CE /* SwiftPlayground */,
				2ABC0F2128782168004955CE /* Products */,
				1762922DA98AAEFADEF7C6F7 /* Pods */,
				9FCCBEBFFFD86055BD4BEE8C /* Frameworks */,
			);
			sourceTree = "<group>";
		};
		2ABC0F2128782168004955CE /* Products */ = {
			isa = PBXGroup;
			children = (
				2ABC0F2028782168004955CE /* SwiftPlayground.app */,
			);
			name = Products;
			sourceTree = "<group>";
		};
		2ABC0F2228782168004955CE /* SwiftPlayground */ = {
			isa = PBXGroup;
			children = (
				2ABC0F2328782168004955CE /* AppDelegate.swift */,
				2ABC0F2528782168004955CE /* SceneDelegate.swift */,
				2ABC0F2728782168004955CE /* UserNotificationViewController.swift */,
				2AB988F128A0F02F0059A304 /* UINavigationController+customBar.swift */,
				2AB9890228A378380059A304 /* CountAndTimeViewController.swift */,
				2A6DA4C6289383C400439252 /* DispatchQueueViewController.swift */,
				2AB988EB289CEC570059A304 /* pageViewController.swift */,
				2ABC0F2928782168004955CE /* Main.storyboard */,
				2ABC0F2C2878216A004955CE /* Assets.xcassets */,
				2ABC0F2E2878216A004955CE /* LaunchScreen.storyboard */,
				2ABC0F312878216A004955CE /* Info.plist */,
			);
			path = SwiftPlayground;
			sourceTree = "<group>";
		};
		9FCCBEBFFFD86055BD4BEE8C /* Frameworks */ = {
			isa = PBXGroup;
			children = (
				FBB5C4450D63B1536405FD15 /* Pods_SwiftPlayground.framework */,
			);
			name = Frameworks;
			sourceTree = "<group>";
		};
/* End PBXGroup section */

/* Begin PBXNativeTarget section */
		2ABC0F1F28782168004955CE /* SwiftPlayground */ = {
			isa = PBXNativeTarget;
			buildConfigurationList = 2ABC0F342878216A004955CE /* Build configuration list for PBXNativeTarget "SwiftPlayground" */;
			buildPhases = (
				97025266035E384A3785877D /* [CP] Check Pods Manifest.lock */,
				2ABC0F1C28782168004955CE /* Sources */,
				2ABC0F1D28782168004955CE /* Frameworks */,
				2ABC0F1E28782168004955CE /* Resources */,
				894EF99C0245D8AB4A6D5D6A /* [CP] Embed Pods Frameworks */,
			);
			buildRules = (
			);
			dependencies = (
			);
			name = SwiftPlayground;
			productName = SwiftPlayground;
			productReference = 2ABC0F2028782168004955CE /* SwiftPlayground.app */;
			productType = "com.apple.product-type.application";
		};
/* End PBXNativeTarget section */

/* Begin PBXProject section */
		2ABC0F1828782168004955CE /* Project object */ = {
			isa = PBXProject;
			attributes = {
				BuildIndependentTargetsInParallel = 1;
				LastSwiftUpdateCheck = 1340;
				LastUpgradeCheck = 1340;
				TargetAttributes = {
					2ABC0F1F28782168004955CE = {
						CreatedOnToolsVersion = 13.4.1;
					};
				};
			};
			buildConfigurationList = 2ABC0F1B28782168004955CE /* Build configuration list for PBXProject "SwiftPlayground" */;
			compatibilityVersion = "Xcode 13.0";
			developmentRegion = en;
			hasScannedForEncodings = 0;
			knownRegions = (
				en,
				Base,
			);
			mainGroup = 2ABC0F1728782168004955CE;
			productRefGroup = 2ABC0F2128782168004955CE /* Products */;
			projectDirPath = "";
			projectRoot = "";
			targets = (
				2ABC0F1F28782168004955CE /* SwiftPlayground */,
			);
		};
/* End PBXProject section */

/* Begin PBXResourcesBuildPhase section */
		2ABC0F1E28782168004955CE /* Resources */ = {
			isa = PBXResourcesBuildPhase;
			buildActionMask = 2147483647;
			files = (
				2ABC0F302878216A004955CE /* LaunchScreen.storyboard in Resources */,
				2ABC0F2D2878216A004955CE /* Assets.xcassets in Resources */,
				2ABC0F2B28782168004955CE /* Main.storyboard in Resources */,
			);
			runOnlyForDeploymentPostprocessing = 0;
		};
/* End PBXResourcesBuildPhase section */

/* Begin PBXShellScriptBuildPhase section */
		894EF99C0245D8AB4A6D5D6A /* [CP] Embed Pods Frameworks */ = {
			isa = PBXShellScriptBuildPhase;
			buildActionMask = 2147483647;
			files = (
			);
			inputFileListPaths = (
				"${PODS_ROOT}/Target Support Files/Pods-SwiftPlayground/Pods-SwiftPlayground-frameworks-${CONFIGURATION}-input-files.xcfilelist",
			);
			name = "[CP] Embed Pods Frameworks";
			outputFileListPaths = (
				"${PODS_ROOT}/Target Support Files/Pods-SwiftPlayground/Pods-SwiftPlayground-frameworks-${CONFIGURATION}-output-files.xcfilelist",
			);
			runOnlyForDeploymentPostprocessing = 0;
			shellPath = /bin/sh;
			shellScript = "\"${PODS_ROOT}/Target Support Files/Pods-SwiftPlayground/Pods-SwiftPlayground-frameworks.sh\"\n";
			showEnvVarsInLog = 0;
		};
		97025266035E384A3785877D /* [CP] Check Pods Manifest.lock */ = {
			isa = PBXShellScriptBuildPhase;
			buildActionMask = 2147483647;
			files = (
			);
			inputFileListPaths = (
			);
			inputPaths = (
				"${PODS_PODFILE_DIR_PATH}/Podfile.lock",
				"${PODS_ROOT}/Manifest.lock",
			);
			name = "[CP] Check Pods Manifest.lock";
			outputFileListPaths = (
			);
			outputPaths = (
				"$(DERIVED_FILE_DIR)/Pods-SwiftPlayground-checkManifestLockResult.txt",
			);
			runOnlyForDeploymentPostprocessing = 0;
			shellPath = /bin/sh;
			shellScript = "diff \"${PODS_PODFILE_DIR_PATH}/Podfile.lock\" \"${PODS_ROOT}/Manifest.lock\" > /dev/null\nif [ $? != 0 ] ; then\n    # print error to STDERR\n    echo \"error: The sandbox is not in sync with the Podfile.lock. Run 'pod install' or update your CocoaPods installation.\" >&2\n    exit 1\nfi\n# This output is used by Xcode 'outputs' to avoid re-running this script phase.\necho \"SUCCESS\" > \"${SCRIPT_OUTPUT_FILE_0}\"\n";
			showEnvVarsInLog = 0;
		};
/* End PBXShellScriptBuildPhase section */

/* Begin PBXSourcesBuildPhase section */
		2ABC0F1C28782168004955CE /* Sources */ = {
			isa = PBXSourcesBuildPhase;
			buildActionMask = 2147483647;
			files = (
				2AB9890328A378380059A304 /* CountAndTimeViewController.swift in Sources */,
				2A6DA4C7289383C400439252 /* DispatchQueueViewController.swift in Sources */,
				2ABC0F2828782168004955CE /* UserNotificationViewController.swift in Sources */,
				2ABC0F2428782168004955CE /* AppDelegate.swift in Sources */,
				2ABC0F2628782168004955CE /* SceneDelegate.swift in Sources */,
				2AB988F228A0F02F0059A304 /* UINavigationController+customBar.swift in Sources */,
				2AB988EC289CEC570059A304 /* pageViewController.swift in Sources */,
			);
			runOnlyForDeploymentPostprocessing = 0;
		};
/* End PBXSourcesBuildPhase section */

/* Begin PBXVariantGroup section */
		2ABC0F2928782168004955CE /* Main.storyboard */ = {
			isa = PBXVariantGroup;
			children = (
				2ABC0F2A28782168004955CE /* Base */,
			);
			name = Main.storyboard;
			sourceTree = "<group>";
		};
		2ABC0F2E2878216A004955CE /* LaunchScreen.storyboard */ = {
			isa = PBXVariantGroup;
			children = (
				2ABC0F2F2878216A004955CE /* Base */,
			);
			name = LaunchScreen.storyboard;
			sourceTree = "<group>";
		};
/* End PBXVariantGroup section */

/* Begin XCBuildConfiguration section */
		2ABC0F322878216A004955CE /* Debug */ = {
			isa = XCBuildConfiguration;
			buildSettings = {
				ALWAYS_SEARCH_USER_PATHS = NO;
				CLANG_ANALYZER_NONNULL = YES;
				CLANG_ANALYZER_NUMBER_OBJECT_CONVERSION = YES_AGGRESSIVE;
				CLANG_CXX_LANGUAGE_STANDARD = "gnu++17";
				CLANG_ENABLE_MODULES = YES;
				CLANG_ENABLE_OBJC_ARC = YES;
				CLANG_ENABLE_OBJC_WEAK = YES;
				CLANG_WARN_BLOCK_CAPTURE_AUTORELEASING = YES;
				CLANG_WARN_BOOL_CONVERSION = YES;
				CLANG_WARN_COMMA = YES;
				CLANG_WARN_CONSTANT_CONVERSION = YES;
				CLANG_WARN_DEPRECATED_OBJC_IMPLEMENTATIONS = YES;
				CLANG_WARN_DIRECT_OBJC_ISA_USAGE = YES_ERROR;
				CLANG_WARN_DOCUMENTATION_COMMENTS = YES;
				CLANG_WARN_EMPTY_BODY = YES;
				CLANG_WARN_ENUM_CONVERSION = YES;
				CLANG_WARN_INFINITE_RECURSION = YES;
				CLANG_WARN_INT_CONVERSION = YES;
				CLANG_WARN_NON_LITERAL_NULL_CONVERSION = YES;
				CLANG_WARN_OBJC_IMPLICIT_RETAIN_SELF = YES;
				CLANG_WARN_OBJC_LITERAL_CONVERSION = YES;
				CLANG_WARN_OBJC_ROOT_CLASS = YES_ERROR;
				CLANG_WARN_QUOTED_INCLUDE_IN_FRAMEWORK_HEADER = YES;
				CLANG_WARN_RANGE_LOOP_ANALYSIS = YES;
				CLANG_WARN_STRICT_PROTOTYPES = YES;
				CLANG_WARN_SUSPICIOUS_MOVE = YES;
				CLANG_WARN_UNGUARDED_AVAILABILITY = YES_AGGRESSIVE;
				CLANG_WARN_UNREACHABLE_CODE = YES;
				CLANG_WARN__DUPLICATE_METHOD_MATCH = YES;
				COPY_PHASE_STRIP = NO;
				DEBUG_INFORMATION_FORMAT = dwarf;
				ENABLE_STRICT_OBJC_MSGSEND = YES;
				ENABLE_TESTABILITY = YES;
				GCC_C_LANGUAGE_STANDARD = gnu11;
				GCC_DYNAMIC_NO_PIC = NO;
				GCC_NO_COMMON_BLOCKS = YES;
				GCC_OPTIMIZATION_LEVEL = 0;
				GCC_PREPROCESSOR_DEFINITIONS = (
					"DEBUG=1",
					"$(inherited)",
				);
				GCC_WARN_64_TO_32_BIT_CONVERSION = YES;
				GCC_WARN_ABOUT_RETURN_TYPE = YES_ERROR;
				GCC_WARN_UNDECLARED_SELECTOR = YES;
				GCC_WARN_UNINITIALIZED_AUTOS = YES_AGGRESSIVE;
				GCC_WARN_UNUSED_FUNCTION = YES;
				GCC_WARN_UNUSED_VARIABLE = YES;
				IPHONEOS_DEPLOYMENT_TARGET = 15.5;
				MTL_ENABLE_DEBUG_INFO = INCLUDE_SOURCE;
				MTL_FAST_MATH = YES;
				ONLY_ACTIVE_ARCH = YES;
				SDKROOT = iphoneos;
				SWIFT_ACTIVE_COMPILATION_CONDITIONS = DEBUG;
				SWIFT_OPTIMIZATION_LEVEL = "-Onone";
			};
			name = Debug;
		};
		2ABC0F332878216A004955CE /* Release */ = {
			isa = XCBuildConfiguration;
			buildSettings = {
				ALWAYS_SEARCH_USER_PATHS = NO;
				CLANG_ANALYZER_NONNULL = YES;
				CLANG_ANALYZER_NUMBER_OBJECT_CONVERSION = YES_AGGRESSIVE;
				CLANG_CXX_LANGUAGE_STANDARD = "gnu++17";
				CLANG_ENABLE_MODULES = YES;
				CLANG_ENABLE_OBJC_ARC = YES;
				CLANG_ENABLE_OBJC_WEAK = YES;
				CLANG_WARN_BLOCK_CAPTURE_AUTORELEASING = YES;
				CLANG_WARN_BOOL_CONVERSION = YES;
				CLANG_WARN_COMMA = YES;
				CLANG_WARN_CONSTANT_CONVERSION = YES;
				CLANG_WARN_DEPRECATED_OBJC_IMPLEMENTATIONS = YES;
				CLANG_WARN_DIRECT_OBJC_ISA_USAGE = YES_ERROR;
				CLANG_WARN_DOCUMENTATION_COMMENTS = YES;
				CLANG_WARN_EMPTY_BODY = YES;
				CLANG_WARN_ENUM_CONVERSION = YES;
				CLANG_WARN_INFINITE_RECURSION = YES;
				CLANG_WARN_INT_CONVERSION = YES;
				CLANG_WARN_NON_LITERAL_NULL_CONVERSION = YES;
				CLANG_WARN_OBJC_IMPLICIT_RETAIN_SELF = YES;
				CLANG_WARN_OBJC_LITERAL_CONVERSION = YES;
				CLANG_WARN_OBJC_ROOT_CLASS = YES_ERROR;
				CLANG_WARN_QUOTED_INCLUDE_IN_FRAMEWORK_HEADER = YES;
				CLANG_WARN_RANGE_LOOP_ANALYSIS = YES;
				CLANG_WARN_STRICT_PROTOTYPES = YES;
				CLANG_WARN_SUSPICIOUS_MOVE = YES;
				CLANG_WARN_UNGUARDED_AVAILABILITY = YES_AGGRESSIVE;
				CLANG_WARN_UNREACHABLE_CODE = YES;
				CLANG_WARN__DUPLICATE_METHOD_MATCH = YES;
				COPY_PHASE_STRIP = NO;
				DEBUG_INFORMATION_FORMAT = "dwarf-with-dsym";
				ENABLE_NS_ASSERTIONS = NO;
				ENABLE_STRICT_OBJC_MSGSEND = YES;
				GCC_C_LANGUAGE_STANDARD = gnu11;
				GCC_NO_COMMON_BLOCKS = YES;
				GCC_WARN_64_TO_32_BIT_CONVERSION = YES;
				GCC_WARN_ABOUT_RETURN_TYPE = YES_ERROR;
				GCC_WARN_UNDECLARED_SELECTOR = YES;
				GCC_WARN_UNINITIALIZED_AUTOS = YES_AGGRESSIVE;
				GCC_WARN_UNUSED_FUNCTION = YES;
				GCC_WARN_UNUSED_VARIABLE = YES;
				IPHONEOS_DEPLOYMENT_TARGET = 15.5;
				MTL_ENABLE_DEBUG_INFO = NO;
				MTL_FAST_MATH = YES;
				SDKROOT = iphoneos;
				SWIFT_COMPILATION_MODE = wholemodule;
				SWIFT_OPTIMIZATION_LEVEL = "-O";
				VALIDATE_PRODUCT = YES;
			};
			name = Release;
		};
		2ABC0F352878216A004955CE /* Debug */ = {
			isa = XCBuildConfiguration;
			baseConfigurationReference = 671F1035289C27449A8DF116 /* Pods-SwiftPlayground.debug.xcconfig */;
			buildSettings = {
				ASSETCATALOG_COMPILER_APPICON_NAME = AppIcon;
				ASSETCATALOG_COMPILER_GLOBAL_ACCENT_COLOR_NAME = AccentColor;
				CODE_SIGN_STYLE = Automatic;
				CURRENT_PROJECT_VERSION = 1;
				GENERATE_INFOPLIST_FILE = YES;
				INFOPLIST_FILE = SwiftPlayground/Info.plist;
				INFOPLIST_KEY_UIApplicationSupportsIndirectInputEvents = YES;
				INFOPLIST_KEY_UILaunchStoryboardName = LaunchScreen;
				INFOPLIST_KEY_UIMainStoryboardFile = Main;
				INFOPLIST_KEY_UISupportedInterfaceOrientations_iPad = "UIInterfaceOrientationPortrait UIInterfaceOrientationPortraitUpsideDown UIInterfaceOrientationLandscapeLeft UIInterfaceOrientationLandscapeRight";
				INFOPLIST_KEY_UISupportedInterfaceOrientations_iPhone = "UIInterfaceOrientationPortrait UIInterfaceOrientationLandscapeLeft UIInterfaceOrientationLandscapeRight";
				LD_RUNPATH_SEARCH_PATHS = (
					"$(inherited)",
					"@executable_path/Frameworks",
				);
				MARKETING_VERSION = 1.0;
				PRODUCT_BUNDLE_IDENTIFIER = "com.s-wakasugi.SwiftPlayground";
				PRODUCT_NAME = "$(TARGET_NAME)";
				SWIFT_EMIT_LOC_STRINGS = YES;
				SWIFT_VERSION = 5.0;
				TARGETED_DEVICE_FAMILY = "1,2";
			};
			name = Debug;
		};
		2ABC0F362878216A004955CE /* Release */ = {
			isa = XCBuildConfiguration;
			baseConfigurationReference = DECED5D7800E25967B73B058 /* Pods-SwiftPlayground.release.xcconfig */;
			buildSettings = {
				ASSETCATALOG_COMPILER_APPICON_NAME = AppIcon;
				ASSETCATALOG_COMPILER_GLOBAL_ACCENT_COLOR_NAME = AccentColor;
				CODE_SIGN_STYLE = Automatic;
				CURRENT_PROJECT_VERSION = 1;
				GENERATE_INFOPLIST_FILE = YES;
				INFOPLIST_FILE = SwiftPlayground/Info.plist;
				INFOPLIST_KEY_UIApplicationSupportsIndirectInputEvents = YES;
				INFOPLIST_KEY_UILaunchStoryboardName = LaunchScreen;
				INFOPLIST_KEY_UIMainStoryboardFile = Main;
				INFOPLIST_KEY_UISupportedInterfaceOrientations_iPad = "UIInterfaceOrientationPortrait UIInterfaceOrientationPortraitUpsideDown UIInterfaceOrientationLandscapeLeft UIInterfaceOrientationLandscapeRight";
				INFOPLIST_KEY_UISupportedInterfaceOrientations_iPhone = "UIInterfaceOrientationPortrait UIInterfaceOrientationLandscapeLeft UIInterfaceOrientationLandscapeRight";
				LD_RUNPATH_SEARCH_PATHS = (
					"$(inherited)",
					"@executable_path/Frameworks",
				);
				MARKETING_VERSION = 1.0;
				PRODUCT_BUNDLE_IDENTIFIER = "com.s-wakasugi.SwiftPlayground";
				PRODUCT_NAME = "$(TARGET_NAME)";
				SWIFT_EMIT_LOC_STRINGS = YES;
				SWIFT_VERSION = 5.0;
				TARGETED_DEVICE_FAMILY = "1,2";
			};
			name = Release;
		};
/* End XCBuildConfiguration section */

/* Begin XCConfigurationList section */
		2ABC0F1B28782168004955CE /* Build configuration list for PBXProject "SwiftPlayground" */ = {
			isa = XCConfigurationList;
			buildConfigurations = (
				2ABC0F322878216A004955CE /* Debug */,
				2ABC0F332878216A004955CE /* Release */,
			);
			defaultConfigurationIsVisible = 0;
			defaultConfigurationName = Release;
		};
		2ABC0F342878216A004955CE /* Build configuration list for PBXNativeTarget "SwiftPlayground" */ = {
			isa = XCConfigurationList;
			buildConfigurations = (
				2ABC0F352878216A004955CE /* Debug */,
				2ABC0F362878216A004955CE /* Release */,
			);
			defaultConfigurationIsVisible = 0;
			defaultConfigurationName = Release;
		};
/* End XCConfigurationList section */
	};
	rootObject = 2ABC0F1828782168004955CE /* Project object */;
}
